// !$*UTF8*$!
{
	archiveVersion = 1;
	classes = {
	};
	objectVersion = 48;
	objects = {

/* Begin PBXBuildFile section */
		AE2CE14020727C3200CE8F5E /* TabBarController.swift in Sources */ = {isa = PBXBuildFile; fileRef = AE2CE13F20727C3200CE8F5E /* TabBarController.swift */; };
		AE4F3EB72062680E00AEA6E2 /* TableViewController.swift in Sources */ = {isa = PBXBuildFile; fileRef = AE4F3EB62062680E00AEA6E2 /* TableViewController.swift */; };
		AE4F3EB9206CF4B300AEA6E2 /* CollectionViewController.swift in Sources */ = {isa = PBXBuildFile; fileRef = AE4F3EB8206CF4B300AEA6E2 /* CollectionViewController.swift */; };
		AE4F3EBF206CFB9800AEA6E2 /* MemeCollectionViewCell.swift in Sources */ = {isa = PBXBuildFile; fileRef = AE4F3EBE206CFB9800AEA6E2 /* MemeCollectionViewCell.swift */; };
		AE5DA2E62043E66300EB5AE8 /* Meme.swift in Sources */ = {isa = PBXBuildFile; fileRef = AE5DA2E52043E66300EB5AE8 /* Meme.swift */; };
		AE8CF40320751C2000B2DA74 /* MemeDetailViewController.swift in Sources */ = {isa = PBXBuildFile; fileRef = AE8CF40220751C2000B2DA74 /* MemeDetailViewController.swift */; };
		AEFA1EEE20393CCD001EC075 /* AppDelegate.swift in Sources */ = {isa = PBXBuildFile; fileRef = AEFA1EED20393CCD001EC075 /* AppDelegate.swift */; };
		AEFA1EF020393CCD001EC075 /* NewImageViewController.swift in Sources */ = {isa = PBXBuildFile; fileRef = AEFA1EEF20393CCD001EC075 /* NewImageViewController.swift */; };
		AEFA1EF320393CCD001EC075 /* Main.storyboard in Resources */ = {isa = PBXBuildFile; fileRef = AEFA1EF120393CCD001EC075 /* Main.storyboard */; };
		AEFA1EF520393CCD001EC075 /* Assets.xcassets in Resources */ = {isa = PBXBuildFile; fileRef = AEFA1EF420393CCD001EC075 /* Assets.xcassets */; };
		AEFA1EF820393CCD001EC075 /* LaunchScreen.storyboard in Resources */ = {isa = PBXBuildFile; fileRef = AEFA1EF620393CCD001EC075 /* LaunchScreen.storyboard */; };
/* End PBXBuildFile section */

/* Begin PBXFileReference section */
		AE2CE13F20727C3200CE8F5E /* TabBarController.swift */ = {isa = PBXFileReference; lastKnownFileType = sourcecode.swift; path = TabBarController.swift; sourceTree = "<group>"; };
		AE4F3EB62062680E00AEA6E2 /* TableViewController.swift */ = {isa = PBXFileReference; lastKnownFileType = sourcecode.swift; path = TableViewController.swift; sourceTree = "<group>"; };
		AE4F3EB8206CF4B300AEA6E2 /* CollectionViewController.swift */ = {isa = PBXFileReference; lastKnownFileType = sourcecode.swift; path = CollectionViewController.swift; sourceTree = "<group>"; };
		AE4F3EBE206CFB9800AEA6E2 /* MemeCollectionViewCell.swift */ = {isa = PBXFileReference; lastKnownFileType = sourcecode.swift; path = MemeCollectionViewCell.swift; sourceTree = "<group>"; };
		AE5DA2E52043E66300EB5AE8 /* Meme.swift */ = {isa = PBXFileReference; lastKnownFileType = sourcecode.swift; path = Meme.swift; sourceTree = "<group>"; };
		AE8CF40220751C2000B2DA74 /* MemeDetailViewController.swift */ = {isa = PBXFileReference; lastKnownFileType = sourcecode.swift; path = MemeDetailViewController.swift; sourceTree = "<group>"; };
		AEFA1EEA20393CCD001EC075 /* Meme Me.app */ = {isa = PBXFileReference; explicitFileType = wrapper.application; includeInIndex = 0; path = "Meme Me.app"; sourceTree = BUILT_PRODUCTS_DIR; };
		AEFA1EED20393CCD001EC075 /* AppDelegate.swift */ = {isa = PBXFileReference; lastKnownFileType = sourcecode.swift; path = AppDelegate.swift; sourceTree = "<group>"; };
		AEFA1EEF20393CCD001EC075 /* NewImageViewController.swift */ = {isa = PBXFileReference; lastKnownFileType = sourcecode.swift; path = NewImageViewController.swift; sourceTree = "<group>"; };
		AEFA1EF220393CCD001EC075 /* Base */ = {isa = PBXFileReference; lastKnownFileType = file.storyboard; name = Base; path = Base.lproj/Main.storyboard; sourceTree = "<group>"; };
		AEFA1EF420393CCD001EC075 /* Assets.xcassets */ = {isa = PBXFileReference; lastKnownFileType = folder.assetcatalog; path = Assets.xcassets; sourceTree = "<group>"; };
		AEFA1EF720393CCD001EC075 /* Base */ = {isa = PBXFileReference; lastKnownFileType = file.storyboard; name = Base; path = Base.lproj/LaunchScreen.storyboard; sourceTree = "<group>"; };
		AEFA1EF920393CCD001EC075 /* Info.plist */ = {isa = PBXFileReference; lastKnownFileType = text.plist.xml; path = Info.plist; sourceTree = "<group>"; };
/* End PBXFileReference section */

/* Begin PBXFrameworksBuildPhase section */
		AEFA1EE720393CCD001EC075 /* Frameworks */ = {
			isa = PBXFrameworksBuildPhase;
			buildActionMask = 2147483647;
			files = (
			);
			runOnlyForDeploymentPostprocessing = 0;
		};
/* End PBXFrameworksBuildPhase section */

/* Begin PBXGroup section */
		AEFA1EE120393CCD001EC075 = {
			isa = PBXGroup;
			children = (
				AEFA1EEC20393CCD001EC075 /* Meme Me */,
				AEFA1EEB20393CCD001EC075 /* Products */,
			);
			sourceTree = "<group>";
		};
		AEFA1EEB20393CCD001EC075 /* Products */ = {
			isa = PBXGroup;
			children = (
				AEFA1EEA20393CCD001EC075 /* Meme Me.app */,
			);
			name = Products;
			sourceTree = "<group>";
		};
		AEFA1EEC20393CCD001EC075 /* Meme Me */ = {
			isa = PBXGroup;
			children = (
				AEFA1EED20393CCD001EC075 /* AppDelegate.swift */,
				AEFA1EEF20393CCD001EC075 /* NewImageViewController.swift */,
				AEFA1EF120393CCD001EC075 /* Main.storyboard */,
				AE2CE13F20727C3200CE8F5E /* TabBarController.swift */,
				AEFA1EF420393CCD001EC075 /* Assets.xcassets */,
				AEFA1EF620393CCD001EC075 /* LaunchScreen.storyboard */,
				AEFA1EF920393CCD001EC075 /* Info.plist */,
				AE5DA2E52043E66300EB5AE8 /* Meme.swift */,
				AE4F3EB62062680E00AEA6E2 /* TableViewController.swift */,
				AE4F3EB8206CF4B300AEA6E2 /* CollectionViewController.swift */,
				AE4F3EBE206CFB9800AEA6E2 /* MemeCollectionViewCell.swift */,
				AE8CF40220751C2000B2DA74 /* MemeDetailViewController.swift */,
			);
			path = "Meme Me";
			sourceTree = "<group>";
		};
/* End PBXGroup section */

/* Begin PBXNativeTarget section */
		AEFA1EE920393CCD001EC075 /* Meme Me */ = {
			isa = PBXNativeTarget;
			buildConfigurationList = AEFA1EFC20393CCD001EC075 /* Build configuration list for PBXNativeTarget "Meme Me" */;
			buildPhases = (
				AEFA1EE620393CCD001EC075 /* Sources */,
				AEFA1EE720393CCD001EC075 /* Frameworks */,
				AEFA1EE820393CCD001EC075 /* Resources */,
			);
			buildRules = (
			);
			dependencies = (
			);
			name = "Meme Me";
			productName = "Meme Me";
			productReference = AEFA1EEA20393CCD001EC075 /* Meme Me.app */;
			productType = "com.apple.product-type.application";
		};
/* End PBXNativeTarget section */

/* Begin PBXProject section */
		AEFA1EE220393CCD001EC075 /* Project object */ = {
			isa = PBXProject;
			attributes = {
				LastSwiftUpdateCheck = 0920;
				LastUpgradeCheck = 0920;
				ORGANIZATIONNAME = JiangXiaoxuan;
				TargetAttributes = {
					AEFA1EE920393CCD001EC075 = {
						CreatedOnToolsVersion = 9.2;
						ProvisioningStyle = Automatic;
					};
				};
			};
			buildConfigurationList = AEFA1EE520393CCD001EC075 /* Build configuration list for PBXProject "Meme Me" */;
			compatibilityVersion = "Xcode 8.0";
			developmentRegion = en;
			hasScannedForEncodings = 0;
			knownRegions = (
				en,
				Base,
			);
			mainGroup = AEFA1EE120393CCD001EC075;
			productRefGroup = AEFA1EEB20393CCD001EC075 /* Products */;
			projectDirPath = "";
			projectRoot = "";
			targets = (
				AEFA1EE920393CCD001EC075 /* Meme Me */,
			);
		};
/* End PBXProject section */

/* Begin PBXResourcesBuildPhase section */
		AEFA1EE820393CCD001EC075 /* Resources */ = {
			isa = PBXResourcesBuildPhase;
			buildActionMask = 2147483647;
			files = (
				AEFA1EF820393CCD001EC075 /* LaunchScreen.storyboard in Resources */,
				AEFA1EF520393CCD001EC075 /* Assets.xcassets in Resources */,
				AEFA1EF320393CCD001EC075 /* Main.storyboard in Resources */,
			);
			runOnlyForDeploymentPostprocessing = 0;
		};
/* End PBXResourcesBuildPhase section */

/* Begin PBXSourcesBuildPhase section */
		AEFA1EE620393CCD001EC075 /* Sources */ = {
			isa = PBXSourcesBuildPhase;
			buildActionMask = 2147483647;
			files = (
				AE4F3EBF206CFB9800AEA6E2 /* MemeCollectionViewCell.swift in Sources */,
				AE5DA2E62043E66300EB5AE8 /* Meme.swift in Sources */,
				AEFA1EF020393CCD001EC075 /* NewImageViewController.swift in Sources */,
				AEFA1EEE20393CCD001EC075 /* AppDelegate.swift in Sources */,
				AE2CE14020727C3200CE8F5E /* TabBarController.swift in Sources */,
				AE4F3EB72062680E00AEA6E2 /* TableViewController.swift in Sources */,
				AE4F3EB9206CF4B300AEA6E2 /* CollectionViewController.swift in Sources */,
				AE8CF40320751C2000B2DA74 /* MemeDetailViewController.swift in Sources */,
			);
			runOnlyForDeploymentPostprocessing = 0;
		};
/* End PBXSourcesBuildPhase section */

/* Begin PBXVariantGroup section */
		AEFA1EF120393CCD001EC075 /* Main.storyboard */ = {
			isa = PBXVariantGroup;
			children = (
				AEFA1EF220393CCD001EC075 /* Base */,
			);
			name = Main.storyboard;
			sourceTree = "<group>";
		};
		AEFA1EF620393CCD001EC075 /* LaunchScreen.storyboard */ = {
			isa = PBXVariantGroup;
			children = (
				AEFA1EF720393CCD001EC075 /* Base */,
			);
			name = LaunchScreen.storyboard;
			sourceTree = "<group>";
		};
/* End PBXVariantGroup section */

/* Begin XCBuildConfiguration section */
		AEFA1EFA20393CCD001EC075 /* Debug */ = {
			isa = XCBuildConfiguration;
			buildSettings = {
				ALWAYS_SEARCH_USER_PATHS = NO;
				CLANG_ANALYZER_NONNULL = YES;
				CLANG_ANALYZER_NUMBER_OBJECT_CONVERSION = YES_AGGRESSIVE;
				CLANG_CXX_LANGUAGE_STANDARD = "gnu++14";
				CLANG_CXX_LIBRARY = "libc++";
				CLANG_ENABLE_MODULES = YES;
				CLANG_ENABLE_OBJC_ARC = YES;
				CLANG_WARN_BLOCK_CAPTURE_AUTORELEASING = YES;
				CLANG_WARN_BOOL_CONVERSION = YES;
				CLANG_WARN_COMMA = YES;
				CLANG_WARN_CONSTANT_CONVERSION = YES;
				CLANG_WARN_DIRECT_OBJC_ISA_USAGE = YES_ERROR;
				CLANG_WARN_DOCUMENTATION_COMMENTS = YES;
				CLANG_WARN_EMPTY_BODY = YES;
				CLANG_WARN_ENUM_CONVERSION = YES;
				CLANG_WARN_INFINITE_RECURSION = YES;
				CLANG_WARN_INT_CONVERSION = YES;
				CLANG_WARN_NON_LITERAL_NULL_CONVERSION = YES;
				CLANG_WARN_OBJC_LITERAL_CONVERSION = YES;
				CLANG_WARN_OBJC_ROOT_CLASS = YES_ERROR;
				CLANG_WARN_RANGE_LOOP_ANALYSIS = YES;
				CLANG_WARN_STRICT_PROTOTYPES = YES;
				CLANG_WARN_SUSPICIOUS_MOVE = YES;
				CLANG_WARN_UNGUARDED_AVAILABILITY = YES_AGGRESSIVE;
				CLANG_WARN_UNREACHABLE_CODE = YES;
				CLANG_WARN__DUPLICATE_METHOD_MATCH = YES;
				CODE_SIGN_IDENTITY = "iPhone Developer";
				COPY_PHASE_STRIP = NO;
				DEBUG_INFORMATION_FORMAT = dwarf;
				ENABLE_STRICT_OBJC_MSGSEND = YES;
				ENABLE_TESTABILITY = YES;
				GCC_C_LANGUAGE_STANDARD = gnu11;
				GCC_DYNAMIC_NO_PIC = NO;
				GCC_NO_COMMON_BLOCKS = YES;
				GCC_OPTIMIZATION_LEVEL = 0;
				GCC_PREPROCESSOR_DEFINITIONS = (
					"DEBUG=1",
					"$(inherited)",
				);
				GCC_WARN_64_TO_32_BIT_CONVERSION = YES;
				GCC_WARN_ABOUT_RETURN_TYPE = YES_ERROR;
				GCC_WARN_UNDECLARED_SELECTOR = YES;
				GCC_WARN_UNINITIALIZED_AUTOS = YES_AGGRESSIVE;
				GCC_WARN_UNUSED_FUNCTION = YES;
				GCC_WARN_UNUSED_VARIABLE = YES;
				IPHONEOS_DEPLOYMENT_TARGET = 11.2;
				MTL_ENABLE_DEBUG_INFO = YES;
				ONLY_ACTIVE_ARCH = YES;
				SDKROOT = iphoneos;
				SWIFT_ACTIVE_COMPILATION_CONDITIONS = DEBUG;
				SWIFT_OPTIMIZATION_LEVEL = "-Onone";
			};
			name = Debug;
		};
		AEFA1EFB20393CCD001EC075 /* Release */ = {
			isa = XCBuildConfiguration;
			buildSettings = {
				ALWAYS_SEARCH_USER_PATHS = NO;
				CLANG_ANALYZER_NONNULL = YES;
				CLANG_ANALYZER_NUMBER_OBJECT_CONVERSION = YES_AGGRESSIVE;
				CLANG_CXX_LANGUAGE_STANDARD = "gnu++14";
				CLANG_CXX_LIBRARY = "libc++";
				CLANG_ENABLE_MODULES = YES;
				CLANG_ENABLE_OBJC_ARC = YES;
				CLANG_WARN_BLOCK_CAPTURE_AUTORELEASING = YES;
				CLANG_WARN_BOOL_CONVERSION = YES;
				CLANG_WARN_COMMA = YES;
				CLANG_WARN_CONSTANT_CONVERSION = YES;
				CLANG_WARN_DIRECT_OBJC_ISA_USAGE = YES_ERROR;
				CLANG_WARN_DOCUMENTATION_COMMENTS = YES;
				CLANG_WARN_EMPTY_BODY = YES;
				CLANG_WARN_ENUM_CONVERSION = YES;
				CLANG_WARN_INFINITE_RECURSION = YES;
				CLANG_WARN_INT_CONVERSION = YES;
				CLANG_WARN_NON_LITERAL_NULL_CONVERSION = YES;
				CLANG_WARN_OBJC_LITERAL_CONVERSION = YES;
				CLANG_WARN_OBJC_ROOT_CLASS = YES_ERROR;
				CLANG_WARN_RANGE_LOOP_ANALYSIS = YES;
				CLANG_WARN_STRICT_PROTOTYPES = YES;
				CLANG_WARN_SUSPICIOUS_MOVE = YES;
				CLANG_WARN_UNGUARDED_AVAILABILITY = YES_AGGRESSIVE;
				CLANG_WARN_UNREACHABLE_CODE = YES;
				CLANG_WARN__DUPLICATE_METHOD_MATCH = YES;
				CODE_SIGN_IDENTITY = "iPhone Developer";
				COPY_PHASE_STRIP = NO;
				DEBUG_INFORMATION_FORMAT = "dwarf-with-dsym";
				ENABLE_NS_ASSERTIONS = NO;
				ENABLE_STRICT_OBJC_MSGSEND = YES;
				GCC_C_LANGUAGE_STANDARD = gnu11;
				GCC_NO_COMMON_BLOCKS = YES;
				GCC_WARN_64_TO_32_BIT_CONVERSION = YES;
				GCC_WARN_ABOUT_RETURN_TYPE = YES_ERROR;
				GCC_WARN_UNDECLARED_SELECTOR = YES;
				GCC_WARN_UNINITIALIZED_AUTOS = YES_AGGRESSIVE;
				GCC_WARN_UNUSED_FUNCTION = YES;
				GCC_WARN_UNUSED_VARIABLE = YES;
				IPHONEOS_DEPLOYMENT_TARGET = 11.2;
				MTL_ENABLE_DEBUG_INFO = NO;
				SDKROOT = iphoneos;
				SWIFT_OPTIMIZATION_LEVEL = "-Owholemodule";
				VALIDATE_PRODUCT = YES;
			};
			name = Release;
		};
		AEFA1EFD20393CCD001EC075 /* Debug */ = {
			isa = XCBuildConfiguration;
			buildSettings = {
				ASSETCATALOG_COMPILER_APPICON_NAME = AppIcon;
				"CODE_SIGN_IDENTITY[sdk=iphoneos*]" = "iPhone Developer";
				CODE_SIGN_STYLE = Automatic;
				DEVELOPMENT_TEAM = "";
				INFOPLIST_FILE = "Meme Me/Info.plist";
				LD_RUNPATH_SEARCH_PATHS = "$(inherited) @executable_path/Frameworks";
				PRODUCT_BUNDLE_IDENTIFIER = "com.jiangxiaoxuan.Meme-Me";
				PRODUCT_NAME = "$(TARGET_NAME)";
				PROVISIONING_PROFILE_SPECIFIER = "";
				SWIFT_VERSION = 4.0;
				TARGETED_DEVICE_FAMILY = "1,2";
			};
			name = Debug;
		};
		AEFA1EFE20393CCD001EC075 /* Release */ = {
			isa = XCBuildConfiguration;
			buildSettings = {
				ASSETCATALOG_COMPILER_APPICON_NAME = AppIcon;
				"CODE_SIGN_IDENTITY[sdk=iphoneos*]" = "iPhone Developer";
				CODE_SIGN_STYLE = Automatic;
				DEVELOPMENT_TEAM = "";
				INFOPLIST_FILE = "Meme Me/Info.plist";
				LD_RUNPATH_SEARCH_PATHS = "$(inherited) @executable_path/Frameworks";
				PRODUCT_BUNDLE_IDENTIFIER = "com.jiangxiaoxuan.Meme-Me";
				PRODUCT_NAME = "$(TARGET_NAME)";
				PROVISIONING_PROFILE_SPECIFIER = "";
				SWIFT_VERSION = 4.0;
				TARGETED_DEVICE_FAMILY = "1,2";
			};
			name = Release;
		};
/* End XCBuildConfiguration section */

/* Begin XCConfigurationList section */
		AEFA1EE520393CCD001EC075 /* Build configuration list for PBXProject "Meme Me" */ = {
			isa = XCConfigurationList;
			buildConfigurations = (
				AEFA1EFA20393CCD001EC075 /* Debug */,
				AEFA1EFB20393CCD001EC075 /* Release */,
			);
			defaultConfigurationIsVisible = 0;
			defaultConfigurationName = Release;
		};
		AEFA1EFC20393CCD001EC075 /* Build configuration list for PBXNativeTarget "Meme Me" */ = {
			isa = XCConfigurationList;
			buildConfigurations = (
				AEFA1EFD20393CCD001EC075 /* Debug */,
				AEFA1EFE20393CCD001EC075 /* Release */,
			);
			defaultConfigurationIsVisible = 0;
			defaultConfigurationName = Release;
		};
/* End XCConfigurationList section */
	};
	rootObject = AEFA1EE220393CCD001EC075 /* Project object */;
}
